
Microsoft Visual Studio Solution File, Format Version 12.00
# Visual Studio Version 17
VisualStudioVersion = 17.4.33213.308
MinimumVisualStudioVersion = 10.0.40219.1
Project("{FAE04EC0-301F-11D3-BF4B-00C04F79EFBC}") = "tabelka", "tabelka.csproj", "{01F5A55D-C686-4A3B-89A8-82C7CDFCBE6B}"
EndProject
Global
	GlobalSection(SolutionConfigurationPlatforms) = preSolution
		Debug|Any CPU = Debug|Any CPU
		Release|Any CPU = Release|Any CPU
	EndGlobalSection
	GlobalSection(ProjectConfigurationPlatforms) = postSolution
		{01F5A55D-C686-4A3B-89A8-82C7CDFCBE6B}.Debug|Any CPU.ActiveCfg = Debug|Any CPU
		{01F5A55D-C686-4A3B-89A8-82C7CDFCBE6B}.Debug|Any CPU.Build.0 = Debug|Any CPU
		{01F5A55D-C686-4A3B-89A8-82C7CDFCBE6B}.Release|Any CPU.ActiveCfg = Release|Any CPU
		{01F5A55D-C686-4A3B-89A8-82C7CDFCBE6B}.Release|Any CPU.Build.0 = Release|Any CPU
	EndGlobalSection
	GlobalSection(SolutionProperties) = preSolution
		HideSolutionNode = FALSE
	EndGlobalSection
	GlobalSection(ExtensibilityGlobals) = postSolution
		SolutionGuid = {D0AB2141-DBE2-4181-AA6C-FC383EFB3AF9}
	EndGlobalSection
EndGlobal
